
Microsoft Visual Studio Solution File, Format Version 12.00
# Visual Studio 15
VisualStudioVersion = 15.0.26124.0
MinimumVisualStudioVersion = 15.0.26124.0
Project("{9A19103F-16F7-4668-BE54-9A1E7A4F7556}") = "scootertown.api", "scootertown.api\scootertown.api.csproj", "{9C886D3E-0E7B-4B54-AB0C-5AA35712D587}"
EndProject
Project("{9A19103F-16F7-4668-BE54-9A1E7A4F7556}") = "scootertown.data", "scootertown.data\scootertown.data.csproj", "{A652A1E6-2173-4D74-9F6D-C8609B923FF0}"
EndProject
Project("{9A19103F-16F7-4668-BE54-9A1E7A4F7556}") = "scootertown.integration", "scootertown.integration\scootertown.integration.csproj", "{27C2D334-AAD0-43EF-910B-65FA408FC184}"
EndProject
Project("{FAE04EC0-301F-11D3-BF4B-00C04F79EFBC}") = "scootertown.data.test", "scootertown.data.test\scootertown.data.test.csproj", "{C59AACA8-C5AA-47FD-9257-078EB50EC207}"
EndProject
Project("{FAE04EC0-301F-11D3-BF4B-00C04F79EFBC}") = "scootertown.integration.test", "scootertown.integration.test\scootertown.integration.test.csproj", "{6F006399-2E02-42D8-BB4D-6E8D2D6C8412}"
EndProject
Project("{FAE04EC0-301F-11D3-BF4B-00C04F79EFBC}") = "scootertown.api.test", "scootertown.api.test\scootertown.api.test.csproj", "{A65CC1C8-295F-460D-B0EF-0DCC45F451DE}"
EndProject
Global
	GlobalSection(SolutionConfigurationPlatforms) = preSolution
		Debug|Any CPU = Debug|Any CPU
		Debug|x64 = Debug|x64
		Debug|x86 = Debug|x86
		Release|Any CPU = Release|Any CPU
		Release|x64 = Release|x64
		Release|x86 = Release|x86
	EndGlobalSection
	GlobalSection(ProjectConfigurationPlatforms) = postSolution
		{9C886D3E-0E7B-4B54-AB0C-5AA35712D587}.Debug|Any CPU.ActiveCfg = Debug|Any CPU
		{9C886D3E-0E7B-4B54-AB0C-5AA35712D587}.Debug|Any CPU.Build.0 = Debug|Any CPU
		{9C886D3E-0E7B-4B54-AB0C-5AA35712D587}.Debug|x64.ActiveCfg = Debug|Any CPU
		{9C886D3E-0E7B-4B54-AB0C-5AA35712D587}.Debug|x64.Build.0 = Debug|Any CPU
		{9C886D3E-0E7B-4B54-AB0C-5AA35712D587}.Debug|x86.ActiveCfg = Debug|Any CPU
		{9C886D3E-0E7B-4B54-AB0C-5AA35712D587}.Debug|x86.Build.0 = Debug|Any CPU
		{9C886D3E-0E7B-4B54-AB0C-5AA35712D587}.Release|Any CPU.ActiveCfg = Release|Any CPU
		{9C886D3E-0E7B-4B54-AB0C-5AA35712D587}.Release|Any CPU.Build.0 = Release|Any CPU
		{9C886D3E-0E7B-4B54-AB0C-5AA35712D587}.Release|x64.ActiveCfg = Release|Any CPU
		{9C886D3E-0E7B-4B54-AB0C-5AA35712D587}.Release|x64.Build.0 = Release|Any CPU
		{9C886D3E-0E7B-4B54-AB0C-5AA35712D587}.Release|x86.ActiveCfg = Release|Any CPU
		{9C886D3E-0E7B-4B54-AB0C-5AA35712D587}.Release|x86.Build.0 = Release|Any CPU
		{A652A1E6-2173-4D74-9F6D-C8609B923FF0}.Debug|Any CPU.ActiveCfg = Debug|Any CPU
		{A652A1E6-2173-4D74-9F6D-C8609B923FF0}.Debug|Any CPU.Build.0 = Debug|Any CPU
		{A652A1E6-2173-4D74-9F6D-C8609B923FF0}.Debug|x64.ActiveCfg = Debug|Any CPU
		{A652A1E6-2173-4D74-9F6D-C8609B923FF0}.Debug|x64.Build.0 = Debug|Any CPU
		{A652A1E6-2173-4D74-9F6D-C8609B923FF0}.Debug|x86.ActiveCfg = Debug|Any CPU
		{A652A1E6-2173-4D74-9F6D-C8609B923FF0}.Debug|x86.Build.0 = Debug|Any CPU
		{A652A1E6-2173-4D74-9F6D-C8609B923FF0}.Release|Any CPU.ActiveCfg = Release|Any CPU
		{A652A1E6-2173-4D74-9F6D-C8609B923FF0}.Release|Any CPU.Build.0 = Release|Any CPU
		{A652A1E6-2173-4D74-9F6D-C8609B923FF0}.Release|x64.ActiveCfg = Release|Any CPU
		{A652A1E6-2173-4D74-9F6D-C8609B923FF0}.Release|x64.Build.0 = Release|Any CPU
		{A652A1E6-2173-4D74-9F6D-C8609B923FF0}.Release|x86.ActiveCfg = Release|Any CPU
		{A652A1E6-2173-4D74-9F6D-C8609B923FF0}.Release|x86.Build.0 = Release|Any CPU
		{27C2D334-AAD0-43EF-910B-65FA408FC184}.Debug|Any CPU.ActiveCfg = Debug|Any CPU
		{27C2D334-AAD0-43EF-910B-65FA408FC184}.Debug|Any CPU.Build.0 = Debug|Any CPU
		{27C2D334-AAD0-43EF-910B-65FA408FC184}.Debug|x64.ActiveCfg = Debug|Any CPU
		{27C2D334-AAD0-43EF-910B-65FA408FC184}.Debug|x64.Build.0 = Debug|Any CPU
		{27C2D334-AAD0-43EF-910B-65FA408FC184}.Debug|x86.ActiveCfg = Debug|Any CPU
		{27C2D334-AAD0-43EF-910B-65FA408FC184}.Debug|x86.Build.0 = Debug|Any CPU
		{27C2D334-AAD0-43EF-910B-65FA408FC184}.Release|Any CPU.ActiveCfg = Release|Any CPU
		{27C2D334-AAD0-43EF-910B-65FA408FC184}.Release|Any CPU.Build.0 = Release|Any CPU
		{27C2D334-AAD0-43EF-910B-65FA408FC184}.Release|x64.ActiveCfg = Release|Any CPU
		{27C2D334-AAD0-43EF-910B-65FA408FC184}.Release|x64.Build.0 = Release|Any CPU
		{27C2D334-AAD0-43EF-910B-65FA408FC184}.Release|x86.ActiveCfg = Release|Any CPU
		{27C2D334-AAD0-43EF-910B-65FA408FC184}.Release|x86.Build.0 = Release|Any CPU
		{C59AACA8-C5AA-47FD-9257-078EB50EC207}.Debug|Any CPU.ActiveCfg = Debug|Any CPU
		{C59AACA8-C5AA-47FD-9257-078EB50EC207}.Debug|Any CPU.Build.0 = Debug|Any CPU
		{C59AACA8-C5AA-47FD-9257-078EB50EC207}.Debug|x64.ActiveCfg = Debug|Any CPU
		{C59AACA8-C5AA-47FD-9257-078EB50EC207}.Debug|x64.Build.0 = Debug|Any CPU
		{C59AACA8-C5AA-47FD-9257-078EB50EC207}.Debug|x86.ActiveCfg = Debug|Any CPU
		{C59AACA8-C5AA-47FD-9257-078EB50EC207}.Debug|x86.Build.0 = Debug|Any CPU
		{C59AACA8-C5AA-47FD-9257-078EB50EC207}.Release|Any CPU.ActiveCfg = Release|Any CPU
		{C59AACA8-C5AA-47FD-9257-078EB50EC207}.Release|Any CPU.Build.0 = Release|Any CPU
		{C59AACA8-C5AA-47FD-9257-078EB50EC207}.Release|x64.ActiveCfg = Release|Any CPU
		{C59AACA8-C5AA-47FD-9257-078EB50EC207}.Release|x64.Build.0 = Release|Any CPU
		{C59AACA8-C5AA-47FD-9257-078EB50EC207}.Release|x86.ActiveCfg = Release|Any CPU
		{C59AACA8-C5AA-47FD-9257-078EB50EC207}.Release|x86.Build.0 = Release|Any CPU
		{6F006399-2E02-42D8-BB4D-6E8D2D6C8412}.Debug|Any CPU.ActiveCfg = Debug|Any CPU
		{6F006399-2E02-42D8-BB4D-6E8D2D6C8412}.Debug|Any CPU.Build.0 = Debug|Any CPU
		{6F006399-2E02-42D8-BB4D-6E8D2D6C8412}.Debug|x64.ActiveCfg = Debug|Any CPU
		{6F006399-2E02-42D8-BB4D-6E8D2D6C8412}.Debug|x64.Build.0 = Debug|Any CPU
		{6F006399-2E02-42D8-BB4D-6E8D2D6C8412}.Debug|x86.ActiveCfg = Debug|Any CPU
		{6F006399-2E02-42D8-BB4D-6E8D2D6C8412}.Debug|x86.Build.0 = Debug|Any CPU
		{6F006399-2E02-42D8-BB4D-6E8D2D6C8412}.Release|Any CPU.ActiveCfg = Release|Any CPU
		{6F006399-2E02-42D8-BB4D-6E8D2D6C8412}.Release|Any CPU.Build.0 = Release|Any CPU
		{6F006399-2E02-42D8-BB4D-6E8D2D6C8412}.Release|x64.ActiveCfg = Release|Any CPU
		{6F006399-2E02-42D8-BB4D-6E8D2D6C8412}.Release|x64.Build.0 = Release|Any CPU
		{6F006399-2E02-42D8-BB4D-6E8D2D6C8412}.Release|x86.ActiveCfg = Release|Any CPU
		{6F006399-2E02-42D8-BB4D-6E8D2D6C8412}.Release|x86.Build.0 = Release|Any CPU
		{A65CC1C8-295F-460D-B0EF-0DCC45F451DE}.Debug|Any CPU.ActiveCfg = Debug|Any CPU
		{A65CC1C8-295F-460D-B0EF-0DCC45F451DE}.Debug|Any CPU.Build.0 = Debug|Any CPU
		{A65CC1C8-295F-460D-B0EF-0DCC45F451DE}.Debug|x64.ActiveCfg = Debug|Any CPU
		{A65CC1C8-295F-460D-B0EF-0DCC45F451DE}.Debug|x64.Build.0 = Debug|Any CPU
		{A65CC1C8-295F-460D-B0EF-0DCC45F451DE}.Debug|x86.ActiveCfg = Debug|Any CPU
		{A65CC1C8-295F-460D-B0EF-0DCC45F451DE}.Debug|x86.Build.0 = Debug|Any CPU
		{A65CC1C8-295F-460D-B0EF-0DCC45F451DE}.Release|Any CPU.ActiveCfg = Release|Any CPU
		{A65CC1C8-295F-460D-B0EF-0DCC45F451DE}.Release|Any CPU.Build.0 = Release|Any CPU
		{A65CC1C8-295F-460D-B0EF-0DCC45F451DE}.Release|x64.ActiveCfg = Release|Any CPU
		{A65CC1C8-295F-460D-B0EF-0DCC45F451DE}.Release|x64.Build.0 = Release|Any CPU
		{A65CC1C8-295F-460D-B0EF-0DCC45F451DE}.Release|x86.ActiveCfg = Release|Any CPU
		{A65CC1C8-295F-460D-B0EF-0DCC45F451DE}.Release|x86.Build.0 = Release|Any CPU
	EndGlobalSection
	GlobalSection(SolutionProperties) = preSolution
		HideSolutionNode = FALSE
	EndGlobalSection
	GlobalSection(ExtensibilityGlobals) = postSolution
		SolutionGuid = {16106E78-FE65-4CCE-AC9D-3D06C6E89436}
	EndGlobalSection
EndGlobal
